// !$*UTF8*$!
{
	archiveVersion = 1;
	classes = {
	};
	objectVersion = 46;
	objects = {

/* Begin PBXBuildFile section */
		349CDE9819B9C30D00E4F669 /* Foundation.framework in Frameworks */ = {isa = PBXBuildFile; fileRef = 349CDE9719B9C30D00E4F669 /* Foundation.framework */; };
		349CDE9A19B9C30D00E4F669 /* CoreGraphics.framework in Frameworks */ = {isa = PBXBuildFile; fileRef = 349CDE9919B9C30D00E4F669 /* CoreGraphics.framework */; };
		349CDE9C19B9C30D00E4F669 /* UIKit.framework in Frameworks */ = {isa = PBXBuildFile; fileRef = 349CDE9B19B9C30D00E4F669 /* UIKit.framework */; };
		349CDEA219B9C30D00E4F669 /* InfoPlist.strings in Resources */ = {isa = PBXBuildFile; fileRef = 349CDEA019B9C30D00E4F669 /* InfoPlist.strings */; };
		349CDEA419B9C30D00E4F669 /* main.m in Sources */ = {isa = PBXBuildFile; fileRef = 349CDEA319B9C30D00E4F669 /* main.m */; };
		349CDEA819B9C30D00E4F669 /* DFAppDelegate.m in Sources */ = {isa = PBXBuildFile; fileRef = 349CDEA719B9C30D00E4F669 /* DFAppDelegate.m */; };
		349CDEAB19B9C30D00E4F669 /* Main.storyboard in Resources */ = {isa = PBXBuildFile; fileRef = 349CDEA919B9C30D00E4F669 /* Main.storyboard */; };
		349CDEAE19B9C30D00E4F669 /* DFViewController.m in Sources */ = {isa = PBXBuildFile; fileRef = 349CDEAD19B9C30D00E4F669 /* DFViewController.m */; };
		349CDEB019B9C30D00E4F669 /* Images.xcassets in Resources */ = {isa = PBXBuildFile; fileRef = 349CDEAF19B9C30D00E4F669 /* Images.xcassets */; };
		349CDEB719B9C30D00E4F669 /* XCTest.framework in Frameworks */ = {isa = PBXBuildFile; fileRef = 349CDEB619B9C30D00E4F669 /* XCTest.framework */; };
		349CDEB819B9C30D00E4F669 /* Foundation.framework in Frameworks */ = {isa = PBXBuildFile; fileRef = 349CDE9719B9C30D00E4F669 /* Foundation.framework */; };
		349CDEB919B9C30D00E4F669 /* UIKit.framework in Frameworks */ = {isa = PBXBuildFile; fileRef = 349CDE9B19B9C30D00E4F669 /* UIKit.framework */; };
		349CDEC119B9C30D00E4F669 /* InfoPlist.strings in Resources */ = {isa = PBXBuildFile; fileRef = 349CDEBF19B9C30D00E4F669 /* InfoPlist.strings */; };
		349CDEC319B9C30D00E4F669 /* Parallax_EffectTests.m in Sources */ = {isa = PBXBuildFile; fileRef = 349CDEC219B9C30D00E4F669 /* Parallax_EffectTests.m */; };
/* End PBXBuildFile section */

/* Begin PBXContainerItemProxy section */
		349CDEBA19B9C30D00E4F669 /* PBXContainerItemProxy */ = {
			isa = PBXContainerItemProxy;
			containerPortal = 349CDE8C19B9C30D00E4F669 /* Project object */;
			proxyType = 1;
			remoteGlobalIDString = 349CDE9319B9C30D00E4F669;
			remoteInfo = "Parallax Effect";
		};
/* End PBXContainerItemProxy section */

/* Begin PBXFileReference section */
		349CDE9419B9C30D00E4F669 /* Parallax Effect.app */ = {isa = PBXFileReference; explicitFileType = wrapper.application; includeInIndex = 0; path = "Parallax Effect.app"; sourceTree = BUILT_PRODUCTS_DIR; };
		349CDE9719B9C30D00E4F669 /* Foundation.framework */ = {isa = PBXFileReference; lastKnownFileType = wrapper.framework; name = Foundation.framework; path = System/Library/Frameworks/Foundation.framework; sourceTree = SDKROOT; };
		349CDE9919B9C30D00E4F669 /* CoreGraphics.framework */ = {isa = PBXFileReference; lastKnownFileType = wrapper.framework; name = CoreGraphics.framework; path = System/Library/Frameworks/CoreGraphics.framework; sourceTree = SDKROOT; };
		349CDE9B19B9C30D00E4F669 /* UIKit.framework */ = {isa = PBXFileReference; lastKnownFileType = wrapper.framework; name = UIKit.framework; path = System/Library/Frameworks/UIKit.framework; sourceTree = SDKROOT; };
		349CDE9F19B9C30D00E4F669 /* Parallax Effect-Info.plist */ = {isa = PBXFileReference; lastKnownFileType = text.plist.xml; path = "Parallax Effect-Info.plist"; sourceTree = "<group>"; };
		349CDEA119B9C30D00E4F669 /* en */ = {isa = PBXFileReference; lastKnownFileType = text.plist.strings; name = en; path = en.lproj/InfoPlist.strings; sourceTree = "<group>"; };
		349CDEA319B9C30D00E4F669 /* main.m */ = {isa = PBXFileReference; lastKnownFileType = sourcecode.c.objc; path = main.m; sourceTree = "<group>"; };
		349CDEA519B9C30D00E4F669 /* Parallax Effect-Prefix.pch */ = {isa = PBXFileReference; lastKnownFileType = sourcecode.c.h; path = "Parallax Effect-Prefix.pch"; sourceTree = "<group>"; };
		349CDEA619B9C30D00E4F669 /* DFAppDelegate.h */ = {isa = PBXFileReference; lastKnownFileType = sourcecode.c.h; path = DFAppDelegate.h; sourceTree = "<group>"; };
		349CDEA719B9C30D00E4F669 /* DFAppDelegate.m */ = {isa = PBXFileReference; lastKnownFileType = sourcecode.c.objc; path = DFAppDelegate.m; sourceTree = "<group>"; };
		349CDEAA19B9C30D00E4F669 /* Base */ = {isa = PBXFileReference; lastKnownFileType = file.storyboard; name = Base; path = Base.lproj/Main.storyboard; sourceTree = "<group>"; };
		349CDEAC19B9C30D00E4F669 /* DFViewController.h */ = {isa = PBXFileReference; lastKnownFileType = sourcecode.c.h; path = DFViewController.h; sourceTree = "<group>"; };
		349CDEAD19B9C30D00E4F669 /* DFViewController.m */ = {isa = PBXFileReference; lastKnownFileType = sourcecode.c.objc; path = DFViewController.m; sourceTree = "<group>"; };
		349CDEAF19B9C30D00E4F669 /* Images.xcassets */ = {isa = PBXFileReference; lastKnownFileType = folder.assetcatalog; path = Images.xcassets; sourceTree = "<group>"; };
		349CDEB519B9C30D00E4F669 /* Parallax EffectTests.xctest */ = {isa = PBXFileReference; explicitFileType = wrapper.cfbundle; includeInIndex = 0; path = "Parallax EffectTests.xctest"; sourceTree = BUILT_PRODUCTS_DIR; };
		349CDEB619B9C30D00E4F669 /* XCTest.framework */ = {isa = PBXFileReference; lastKnownFileType = wrapper.framework; name = XCTest.framework; path = Library/Frameworks/XCTest.framework; sourceTree = DEVELOPER_DIR; };
		349CDEBE19B9C30D00E4F669 /* Parallax EffectTests-Info.plist */ = {isa = PBXFileReference; lastKnownFileType = text.plist.xml; path = "Parallax EffectTests-Info.plist"; sourceTree = "<group>"; };
		349CDEC019B9C30D00E4F669 /* en */ = {isa = PBXFileReference; lastKnownFileType = text.plist.strings; name = en; path = en.lproj/InfoPlist.strings; sourceTree = "<group>"; };
		349CDEC219B9C30D00E4F669 /* Parallax_EffectTests.m */ = {isa = PBXFileReference; lastKnownFileType = sourcecode.c.objc; path = Parallax_EffectTests.m; sourceTree = "<group>"; };
/* End PBXFileReference section */

/* Begin PBXFrameworksBuildPhase section */
		349CDE9119B9C30D00E4F669 /* Frameworks */ = {
			isa = PBXFrameworksBuildPhase;
			buildActionMask = 2147483647;
			files = (
				349CDE9A19B9C30D00E4F669 /* CoreGraphics.framework in Frameworks */,
				349CDE9C19B9C30D00E4F669 /* UIKit.framework in Frameworks */,
				349CDE9819B9C30D00E4F669 /* Foundation.framework in Frameworks */,
			);
			runOnlyForDeploymentPostprocessing = 0;
		};
		349CDEB219B9C30D00E4F669 /* Frameworks */ = {
			isa = PBXFrameworksBuildPhase;
			buildActionMask = 2147483647;
			files = (
				349CDEB719B9C30D00E4F669 /* XCTest.framework in Frameworks */,
				349CDEB919B9C30D00E4F669 /* UIKit.framework in Frameworks */,
				349CDEB819B9C30D00E4F669 /* Foundation.framework in Frameworks */,
			);
			runOnlyForDeploymentPostprocessing = 0;
		};
/* End PBXFrameworksBuildPhase section */

/* Begin PBXGroup section */
		349CDE8B19B9C30D00E4F669 = {
			isa = PBXGroup;
			children = (
				349CDE9D19B9C30D00E4F669 /* Parallax Effect */,
				349CDEBC19B9C30D00E4F669 /* Parallax EffectTests */,
				349CDE9619B9C30D00E4F669 /* Frameworks */,
				349CDE9519B9C30D00E4F669 /* Products */,
			);
			sourceTree = "<group>";
		};
		349CDE9519B9C30D00E4F669 /* Products */ = {
			isa = PBXGroup;
			children = (
				349CDE9419B9C30D00E4F669 /* Parallax Effect.app */,
				349CDEB519B9C30D00E4F669 /* Parallax EffectTests.xctest */,
			);
			name = Products;
			sourceTree = "<group>";
		};
		349CDE9619B9C30D00E4F669 /* Frameworks */ = {
			isa = PBXGroup;
			children = (
				349CDE9719B9C30D00E4F669 /* Foundation.framework */,
				349CDE9919B9C30D00E4F669 /* CoreGraphics.framework */,
				349CDE9B19B9C30D00E4F669 /* UIKit.framework */,
				349CDEB619B9C30D00E4F669 /* XCTest.framework */,
			);
			name = Frameworks;
			sourceTree = "<group>";
		};
		349CDE9D19B9C30D00E4F669 /* Parallax Effect */ = {
			isa = PBXGroup;
			children = (
				349CDEA619B9C30D00E4F669 /* DFAppDelegate.h */,
				349CDEA719B9C30D00E4F669 /* DFAppDelegate.m */,
				349CDEA919B9C30D00E4F669 /* Main.storyboard */,
				349CDEAC19B9C30D00E4F669 /* DFViewController.h */,
				349CDEAD19B9C30D00E4F669 /* DFViewController.m */,
				349CDEAF19B9C30D00E4F669 /* Images.xcassets */,
				349CDE9E19B9C30D00E4F669 /* Supporting Files */,
			);
			path = "Parallax Effect";
			sourceTree = "<group>";
		};
		349CDE9E19B9C30D00E4F669 /* Supporting Files */ = {
			isa = PBXGroup;
			children = (
				349CDE9F19B9C30D00E4F669 /* Parallax Effect-Info.plist */,
				349CDEA019B9C30D00E4F669 /* InfoPlist.strings */,
				349CDEA319B9C30D00E4F669 /* main.m */,
				349CDEA519B9C30D00E4F669 /* Parallax Effect-Prefix.pch */,
			);
			name = "Supporting Files";
			sourceTree = "<group>";
		};
		349CDEBC19B9C30D00E4F669 /* Parallax EffectTests */ = {
			isa = PBXGroup;
			children = (
				349CDEC219B9C30D00E4F669 /* Parallax_EffectTests.m */,
				349CDEBD19B9C30D00E4F669 /* Supporting Files */,
			);
			path = "Parallax EffectTests";
			sourceTree = "<group>";
		};
		349CDEBD19B9C30D00E4F669 /* Supporting Files */ = {
			isa = PBXGroup;
			children = (
				349CDEBE19B9C30D00E4F669 /* Parallax EffectTests-Info.plist */,
				349CDEBF19B9C30D00E4F669 /* InfoPlist.strings */,
			);
			name = "Supporting Files";
			sourceTree = "<group>";
		};
/* End PBXGroup section */

/* Begin PBXNativeTarget section */
		349CDE9319B9C30D00E4F669 /* Parallax Effect */ = {
			isa = PBXNativeTarget;
			buildConfigurationList = 349CDEC619B9C30D00E4F669 /* Build configuration list for PBXNativeTarget "Parallax Effect" */;
			buildPhases = (
				349CDE9019B9C30D00E4F669 /* Sources */,
				349CDE9119B9C30D00E4F669 /* Frameworks */,
				349CDE9219B9C30D00E4F669 /* Resources */,
			);
			buildRules = (
			);
			dependencies = (
			);
			name = "Parallax Effect";
			productName = "Parallax Effect";
			productReference = 349CDE9419B9C30D00E4F669 /* Parallax Effect.app */;
			productType = "com.apple.product-type.application";
		};
		349CDEB419B9C30D00E4F669 /* Parallax EffectTests */ = {
			isa = PBXNativeTarget;
			buildConfigurationList = 349CDEC919B9C30D00E4F669 /* Build configuration list for PBXNativeTarget "Parallax EffectTests" */;
			buildPhases = (
				349CDEB119B9C30D00E4F669 /* Sources */,
				349CDEB219B9C30D00E4F669 /* Frameworks */,
				349CDEB319B9C30D00E4F669 /* Resources */,
			);
			buildRules = (
			);
			dependencies = (
				349CDEBB19B9C30D00E4F669 /* PBXTargetDependency */,
			);
			name = "Parallax EffectTests";
			productName = "Parallax EffectTests";
			productReference = 349CDEB519B9C30D00E4F669 /* Parallax EffectTests.xctest */;
			productType = "com.apple.product-type.bundle.unit-test";
		};
/* End PBXNativeTarget section */

/* Begin PBXProject section */
		349CDE8C19B9C30D00E4F669 /* Project object */ = {
			isa = PBXProject;
			attributes = {
				CLASSPREFIX = DF;
				LastUpgradeCheck = 0510;
				ORGANIZATIONNAME = "TechAsis Limited";
				TargetAttributes = {
					349CDEB419B9C30D00E4F669 = {
						TestTargetID = 349CDE9319B9C30D00E4F669;
					};
				};
			};
			buildConfigurationList = 349CDE8F19B9C30D00E4F669 /* Build configuration list for PBXProject "Parallax Effect" */;
			compatibilityVersion = "Xcode 3.2";
			developmentRegion = English;
			hasScannedForEncodings = 0;
			knownRegions = (
				en,
				Base,
			);
			mainGroup = 349CDE8B19B9C30D00E4F669;
			productRefGroup = 349CDE9519B9C30D00E4F669 /* Products */;
			projectDirPath = "";
			projectRoot = "";
			targets = (
				349CDE9319B9C30D00E4F669 /* Parallax Effect */,
				349CDEB419B9C30D00E4F669 /* Parallax EffectTests */,
			);
		};
/* End PBXProject section */

/* Begin PBXResourcesBuildPhase section */
		349CDE9219B9C30D00E4F669 /* Resources */ = {
			isa = PBXResourcesBuildPhase;
			buildActionMask = 2147483647;
			files = (
				349CDEB019B9C30D00E4F669 /* Images.xcassets in Resources */,
				349CDEA219B9C30D00E4F669 /* InfoPlist.strings in Resources */,
				349CDEAB19B9C30D00E4F669 /* Main.storyboard in Resources */,
			);
			runOnlyForDeploymentPostprocessing = 0;
		};
		349CDEB319B9C30D00E4F669 /* Resources */ = {
			isa = PBXResourcesBuildPhase;
			buildActionMask = 2147483647;
			files = (
				349CDEC119B9C30D00E4F669 /* InfoPlist.strings in Resources */,
			);
			runOnlyForDeploymentPostprocessing = 0;
		};
/* End PBXResourcesBuildPhase section */

/* Begin PBXSourcesBuildPhase section */
		349CDE9019B9C30D00E4F669 /* Sources */ = {
			isa = PBXSourcesBuildPhase;
			buildActionMask = 2147483647;
			files = (
				349CDEA819B9C30D00E4F669 /* DFAppDelegate.m in Sources */,
				349CDEAE19B9C30D00E4F669 /* DFViewController.m in Sources */,
				349CDEA419B9C30D00E4F669 /* main.m in Sources */,
			);
			runOnlyForDeploymentPostprocessing = 0;
		};
		349CDEB119B9C30D00E4F669 /* Sources */ = {
			isa = PBXSourcesBuildPhase;
			buildActionMask = 2147483647;
			files = (
				349CDEC319B9C30D00E4F669 /* Parallax_EffectTests.m in Sources */,
			);
			runOnlyForDeploymentPostprocessing = 0;
		};
/* End PBXSourcesBuildPhase section */

/* Begin PBXTargetDependency section */
		349CDEBB19B9C30D00E4F669 /* PBXTargetDependency */ = {
			isa = PBXTargetDependency;
			target = 349CDE9319B9C30D00E4F669 /* Parallax Effect */;
			targetProxy = 349CDEBA19B9C30D00E4F669 /* PBXContainerItemProxy */;
		};
/* End PBXTargetDependency section */

/* Begin PBXVariantGroup section */
		349CDEA019B9C30D00E4F669 /* InfoPlist.strings */ = {
			isa = PBXVariantGroup;
			children = (
				349CDEA119B9C30D00E4F669 /* en */,
			);
			name = InfoPlist.strings;
			sourceTree = "<group>";
		};
		349CDEA919B9C30D00E4F669 /* Main.storyboard */ = {
			isa = PBXVariantGroup;
			children = (
				349CDEAA19B9C30D00E4F669 /* Base */,
			);
			name = Main.storyboard;
			sourceTree = "<group>";
		};
		349CDEBF19B9C30D00E4F669 /* InfoPlist.strings */ = {
			isa = PBXVariantGroup;
			children = (
				349CDEC019B9C30D00E4F669 /* en */,
			);
			name = InfoPlist.strings;
			sourceTree = "<group>";
		};
/* End PBXVariantGroup section */

/* Begin XCBuildConfiguration section */
		349CDEC419B9C30D00E4F669 /* Debug */ = {
			isa = XCBuildConfiguration;
			buildSettings = {
				ALWAYS_SEARCH_USER_PATHS = NO;
				CLANG_CXX_LANGUAGE_STANDARD = "gnu++0x";
				CLANG_CXX_LIBRARY = "libc++";
				CLANG_ENABLE_MODULES = YES;
				CLANG_ENABLE_OBJC_ARC = YES;
				CLANG_WARN_BOOL_CONVERSION = YES;
				CLANG_WARN_CONSTANT_CONVERSION = YES;
				CLANG_WARN_DIRECT_OBJC_ISA_USAGE = YES_ERROR;
				CLANG_WARN_EMPTY_BODY = YES;
				CLANG_WARN_ENUM_CONVERSION = YES;
				CLANG_WARN_INT_CONVERSION = YES;
				CLANG_WARN_OBJC_ROOT_CLASS = YES_ERROR;
				CLANG_WARN__DUPLICATE_METHOD_MATCH = YES;
				"CODE_SIGN_IDENTITY[sdk=iphoneos*]" = "iPhone Developer";
				COPY_PHASE_STRIP = NO;
				GCC_C_LANGUAGE_STANDARD = gnu99;
				GCC_DYNAMIC_NO_PIC = NO;
				GCC_OPTIMIZATION_LEVEL = 0;
				GCC_PREPROCESSOR_DEFINITIONS = (
					"DEBUG=1",
					"$(inherited)",
				);
				GCC_SYMBOLS_PRIVATE_EXTERN = NO;
				GCC_WARN_64_TO_32_BIT_CONVERSION = YES;
				GCC_WARN_ABOUT_RETURN_TYPE = YES_ERROR;
				GCC_WARN_UNDECLARED_SELECTOR = YES;
				GCC_WARN_UNINITIALIZED_AUTOS = YES_AGGRESSIVE;
				GCC_WARN_UNUSED_FUNCTION = YES;
				GCC_WARN_UNUSED_VARIABLE = YES;
				IPHONEOS_DEPLOYMENT_TARGET = 7.1;
				ONLY_ACTIVE_ARCH = YES;
				SDKROOT = iphoneos;
			};
			name = Debug;
		};
		349CDEC519B9C30D00E4F669 /* Release */ = {
			isa = XCBuildConfiguration;
			buildSettings = {
				ALWAYS_SEARCH_USER_PATHS = NO;
				CLANG_CXX_LANGUAGE_STANDARD = "gnu++0x";
				CLANG_CXX_LIBRARY = "libc++";
				CLANG_ENABLE_MODULES = YES;
				CLANG_ENABLE_OBJC_ARC = YES;
				CLANG_WARN_BOOL_CONVERSION = YES;
				CLANG_WARN_CONSTANT_CONVERSION = YES;
				CLANG_WARN_DIRECT_OBJC_ISA_USAGE = YES_ERROR;
				CLANG_WARN_EMPTY_BODY = YES;
				CLANG_WARN_ENUM_CONVERSION = YES;
				CLANG_WARN_INT_CONVERSION = YES;
				CLANG_WARN_OBJC_ROOT_CLASS = YES_ERROR;
				CLANG_WARN__DUPLICATE_METHOD_MATCH = YES;
				"CODE_SIGN_IDENTITY[sdk=iphoneos*]" = "iPhone Developer";
				COPY_PHASE_STRIP = YES;
				ENABLE_NS_ASSERTIONS = NO;
				GCC_C_LANGUAGE_STANDARD = gnu99;
				GCC_WARN_64_TO_32_BIT_CONVERSION = YES;
				GCC_WARN_ABOUT_RETURN_TYPE = YES_ERROR;
				GCC_WARN_UNDECLARED_SELECTOR = YES;
				GCC_WARN_UNINITIALIZED_AUTOS = YES_AGGRESSIVE;
				GCC_WARN_UNUSED_FUNCTION = YES;
				GCC_WARN_UNUSED_VARIABLE = YES;
				IPHONEOS_DEPLOYMENT_TARGET = 7.1;
				SDKROOT = iphoneos;
				VALIDATE_PRODUCT = YES;
			};
			name = Release;
		};
		349CDEC719B9C30D00E4F669 /* Debug */ = {
			isa = XCBuildConfiguration;
			buildSettings = {
				ASSETCATALOG_COMPILER_APPICON_NAME = AppIcon;
				ASSETCATALOG_COMPILER_LAUNCHIMAGE_NAME = LaunchImage;
				GCC_PRECOMPILE_PREFIX_HEADER = YES;
				GCC_PREFIX_HEADER = "Parallax Effect/Parallax Effect-Prefix.pch";
				INFOPLIST_FILE = "Parallax Effect/Parallax Effect-Info.plist";
				PRODUCT_NAME = "$(TARGET_NAME)";
				WRAPPER_EXTENSION = app;
			};
			name = Debug;
		};
		349CDEC819B9C30D00E4F669 /* Release */ = {
			isa = XCBuildConfiguration;
			buildSettings = {
				ASSETCATALOG_COMPILER_APPICON_NAME = AppIcon;
				ASSETCATALOG_COMPILER_LAUNCHIMAGE_NAME = LaunchImage;
				GCC_PRECOMPILE_PREFIX_HEADER = YES;
				GCC_PREFIX_HEADER = "Parallax Effect/Parallax Effect-Prefix.pch";
				INFOPLIST_FILE = "Parallax Effect/Parallax Effect-Info.plist";
				PRODUCT_NAME = "$(TARGET_NAME)";
				WRAPPER_EXTENSION = app;
			};
			name = Release;
		};
		349CDECA19B9C30D00E4F669 /* Debug */ = {
			isa = XCBuildConfiguration;
			buildSettings = {
				BUNDLE_LOADER = "$(BUILT_PRODUCTS_DIR)/Parallax Effect.app/Parallax Effect";
				FRAMEWORK_SEARCH_PATHS = (
					"$(SDKROOT)/Developer/Library/Frameworks",
					"$(inherited)",
					"$(DEVELOPER_FRAMEWORKS_DIR)",
				);
				GCC_PRECOMPILE_PREFIX_HEADER = YES;
				GCC_PREFIX_HEADER = "Parallax Effect/Parallax Effect-Prefix.pch";
				GCC_PREPROCESSOR_DEFINITIONS = (
					"DEBUG=1",
					"$(inherited)",
				);
				INFOPLIST_FILE = "Parallax EffectTests/Parallax EffectTests-Info.plist";
				PRODUCT_NAME = "$(TARGET_NAME)";
				TEST_HOST = "$(BUNDLE_LOADER)";
				WRAPPER_EXTENSION = xctest;
			};
			name = Debug;
		};
		349CDECB19B9C30D00E4F669 /* Release */ = {
			isa = XCBuildConfiguration;
			buildSettings = {
				BUNDLE_LOADER = "$(BUILT_PRODUCTS_DIR)/Parallax Effect.app/Parallax Effect";
				FRAMEWORK_SEARCH_PATHS = (
					"$(SDKROOT)/Developer/Library/Frameworks",
					"$(inherited)",
					"$(DEVELOPER_FRAMEWORKS_DIR)",
				);
				GCC_PRECOMPILE_PREFIX_HEADER = YES;
				GCC_PREFIX_HEADER = "Parallax Effect/Parallax Effect-Prefix.pch";
				INFOPLIST_FILE = "Parallax EffectTests/Parallax EffectTests-Info.plist";
				PRODUCT_NAME = "$(TARGET_NAME)";
				TEST_HOST = "$(BUNDLE_LOADER)";
				WRAPPER_EXTENSION = xctest;
			};
			name = Release;
		};
/* End XCBuildConfiguration section */

/* Begin XCConfigurationList section */
		349CDE8F19B9C30D00E4F669 /* Build configuration list for PBXProject "Parallax Effect" */ = {
			isa = XCConfigurationList;
			buildConfigurations = (
				349CDEC419B9C30D00E4F669 /* Debug */,
				349CDEC519B9C30D00E4F669 /* Release */,
			);
			defaultConfigurationIsVisible = 0;
			defaultConfigurationName = Release;
		};
		349CDEC619B9C30D00E4F669 /* Build configuration list for PBXNativeTarget "Parallax Effect" */ = {
			isa = XCConfigurationList;
			buildConfigurations = (
				349CDEC719B9C30D00E4F669 /* Debug */,
				349CDEC819B9C30D00E4F669 /* Release */,
			);
			defaultConfigurationIsVisible = 0;
		};
		349CDEC919B9C30D00E4F669 /* Build configuration list for PBXNativeTarget "Parallax EffectTests" */ = {
			isa = XCConfigurationList;
			buildConfigurations = (
				349CDECA19B9C30D00E4F669 /* Debug */,
				349CDECB19B9C30D00E4F669 /* Release */,
			);
			defaultConfigurationIsVisible = 0;
		};
/* End XCConfigurationList section */
	};
	rootObject = 349CDE8C19B9C30D00E4F669 /* Project object */;
}
